
Microsoft Visual Studio Solution File, Format Version 12.00
# Visual Studio Version 17
VisualStudioVersion = 17.5.33502.453
MinimumVisualStudioVersion = 10.0.40219.1
Project("{9A19103F-16F7-4668-BE54-9A1E7A4F7556}") = "WebApplication1", "WebApplication1\WebApplication1.csproj", "{78045619-FF6C-4DDC-ACA3-EC13ADE9D392}"
EndProject
Project("{9A19103F-16F7-4668-BE54-9A1E7A4F7556}") = "ClassLibrary1", "ClassLibrary1\ClassLibrary1.csproj", "{71E2E81F-7996-4346-9D3F-CF870DA4D84F}"
EndProject
Global
	GlobalSection(SolutionConfigurationPlatforms) = preSolution
		Debug|Any CPU = Debug|Any CPU
		Release|Any CPU = Release|Any CPU
	EndGlobalSection
	GlobalSection(ProjectConfigurationPlatforms) = postSolution
		{78045619-FF6C-4DDC-ACA3-EC13ADE9D392}.Debug|Any CPU.ActiveCfg = Debug|Any CPU
		{78045619-FF6C-4DDC-ACA3-EC13ADE9D392}.Debug|Any CPU.Build.0 = Debug|Any CPU
		{78045619-FF6C-4DDC-ACA3-EC13ADE9D392}.Release|Any CPU.ActiveCfg = Release|Any CPU
		{78045619-FF6C-4DDC-ACA3-EC13ADE9D392}.Release|Any CPU.Build.0 = Release|Any CPU
		{71E2E81F-7996-4346-9D3F-CF870DA4D84F}.Debug|Any CPU.ActiveCfg = Debug|Any CPU
		{71E2E81F-7996-4346-9D3F-CF870DA4D84F}.Debug|Any CPU.Build.0 = Debug|Any CPU
		{71E2E81F-7996-4346-9D3F-CF870DA4D84F}.Release|Any CPU.ActiveCfg = Release|Any CPU
		{71E2E81F-7996-4346-9D3F-CF870DA4D84F}.Release|Any CPU.Build.0 = Release|Any CPU
	EndGlobalSection
	GlobalSection(SolutionProperties) = preSolution
		HideSolutionNode = FALSE
	EndGlobalSection
	GlobalSection(ExtensibilityGlobals) = postSolution
		SolutionGuid = {29409789-1153-456F-B222-1457AA3E389D}
	EndGlobalSection
EndGlobal
